
Microsoft Visual Studio Solution File, Format Version 12.00
# Visual Studio Version 17
VisualStudioVersion = 17.10.35122.118
MinimumVisualStudioVersion = 10.0.40219.1
Project("{FAE04EC0-301F-11D3-BF4B-00C04F79EFBC}") = "DevPortfolio", "DevPortfolio.csproj", "{273FB293-B5EF-46E3-A0BC-DD2E238848C9}"
EndProject
Global
	GlobalSection(SolutionConfigurationPlatforms) = preSolution
		Debug|Any CPU = Debug|Any CPU
		Release|Any CPU = Release|Any CPU
	EndGlobalSection
	GlobalSection(ProjectConfigurationPlatforms) = postSolution
		{273FB293-B5EF-46E3-A0BC-DD2E238848C9}.Debug|Any CPU.ActiveCfg = Debug|Any CPU
		{273FB293-B5EF-46E3-A0BC-DD2E238848C9}.Debug|Any CPU.Build.0 = Debug|Any CPU
		{273FB293-B5EF-46E3-A0BC-DD2E238848C9}.Release|Any CPU.ActiveCfg = Release|Any CPU
		{273FB293-B5EF-46E3-A0BC-DD2E238848C9}.Release|Any CPU.Build.0 = Release|Any CPU
	EndGlobalSection
	GlobalSection(SolutionProperties) = preSolution
		HideSolutionNode = FALSE
	EndGlobalSection
	GlobalSection(ExtensibilityGlobals) = postSolution
		SolutionGuid = {A0A384B5-F49B-480F-9166-B1148D7EF7E5}
	EndGlobalSection
EndGlobal
